
Microsoft Visual Studio Solution File, Format Version 11.00
# Visual Studio 2010
Project("{FAE04EC0-301F-11D3-BF4B-00C04F79EFBC}") = "Jqpress.Framework", "Jqpress.Framework\Jqpress.Framework.csproj", "{24EF6952-D3FD-4C8B-B8FF-5D5E783F68A0}"
EndProject
Project("{FAE04EC0-301F-11D3-BF4B-00C04F79EFBC}") = "Jqpress.Blog", "Jqpress.Blog\Jqpress.Blog.csproj", "{E79A48D8-DA43-41EE-B6A8-3D8D548BC12A}"
EndProject
Project("{FAE04EC0-301F-11D3-BF4B-00C04F79EFBC}") = "Jqpress.Web", "Jqpress.Web\Jqpress.Web.csproj", "{48F2A9FD-3B5C-4C74-9F67-F3460E2D8C05}"
EndProject
Project("{2150E333-8FDC-42A3-9474-1A3956D46DE8}") = "Solution Items", "Solution Items", "{8340DC94-F74C-4C63-AB64-9845CA8EBB9A}"
	ProjectSection(SolutionItems) = preProject
		Jqpress_blog.vsmdi = Jqpress_blog.vsmdi
		Local.testsettings = Local.testsettings
		TraceAndTestImpact.testsettings = TraceAndTestImpact.testsettings
	EndProjectSection
EndProject
Global
	GlobalSection(TestCaseManagementSettings) = postSolution
		CategoryFile = Jqpress_blog.vsmdi
	EndGlobalSection
	GlobalSection(SolutionConfigurationPlatforms) = preSolution
		Debug|Any CPU = Debug|Any CPU
		Release|Any CPU = Release|Any CPU
	EndGlobalSection
	GlobalSection(ProjectConfigurationPlatforms) = postSolution
		{24EF6952-D3FD-4C8B-B8FF-5D5E783F68A0}.Debug|Any CPU.ActiveCfg = Release|Any CPU
		{24EF6952-D3FD-4C8B-B8FF-5D5E783F68A0}.Debug|Any CPU.Build.0 = Release|Any CPU
		{24EF6952-D3FD-4C8B-B8FF-5D5E783F68A0}.Release|Any CPU.ActiveCfg = Release|Any CPU
		{E79A48D8-DA43-41EE-B6A8-3D8D548BC12A}.Debug|Any CPU.ActiveCfg = Release|Any CPU
		{E79A48D8-DA43-41EE-B6A8-3D8D548BC12A}.Debug|Any CPU.Build.0 = Release|Any CPU
		{E79A48D8-DA43-41EE-B6A8-3D8D548BC12A}.Release|Any CPU.ActiveCfg = Release|Any CPU
		{E79A48D8-DA43-41EE-B6A8-3D8D548BC12A}.Release|Any CPU.Build.0 = Release|Any CPU
		{48F2A9FD-3B5C-4C74-9F67-F3460E2D8C05}.Debug|Any CPU.ActiveCfg = Release|Any CPU
		{48F2A9FD-3B5C-4C74-9F67-F3460E2D8C05}.Debug|Any CPU.Build.0 = Release|Any CPU
		{48F2A9FD-3B5C-4C74-9F67-F3460E2D8C05}.Release|Any CPU.ActiveCfg = Release|Any CPU
	EndGlobalSection
	GlobalSection(SolutionProperties) = preSolution
		HideSolutionNode = FALSE
	EndGlobalSection
EndGlobal
